// !$*UTF8*$!
{
	archiveVersion = 1;
	classes = {
	};
	objectVersion = 46;
	objects = {

/* Begin PBXBuildFile section */
		334A41C31D56CC750087F41D /* Data.swift in Sources */ = {isa = PBXBuildFile; fileRef = 334A41C21D56CC750087F41D /* Data.swift */; };
		338935451D5BCBF000976CE2 /* CloudKit.framework in Frameworks */ = {isa = PBXBuildFile; fileRef = 338935441D5BCBF000976CE2 /* CloudKit.framework */; };
		33A1236C1D56609500F66BCC /* AppDelegate.swift in Sources */ = {isa = PBXBuildFile; fileRef = 33A1236B1D56609500F66BCC /* AppDelegate.swift */; };
		33A1236E1D56609500F66BCC /* Assets.xcassets in Resources */ = {isa = PBXBuildFile; fileRef = 33A1236D1D56609500F66BCC /* Assets.xcassets */; };
		33A123711D56609500F66BCC /* MainMenu.xib in Resources */ = {isa = PBXBuildFile; fileRef = 33A1236F1D56609500F66BCC /* MainMenu.xib */; };
		33C9CA8D1D6C544600E35A9D /* MyManager.swift in Sources */ = {isa = PBXBuildFile; fileRef = 33C9CA8C1D6C544600E35A9D /* MyManager.swift */; };
		33CADC431D6AB660005E3D8E /* Settings.swift in Sources */ = {isa = PBXBuildFile; fileRef = 33CADC421D6AB660005E3D8E /* Settings.swift */; };
		33CADC481D6AB931005E3D8E /* SettingsViewController.swift in Sources */ = {isa = PBXBuildFile; fileRef = 33CADC471D6AB931005E3D8E /* SettingsViewController.swift */; };
		33CADC4A1D6AB9B3005E3D8E /* SettingsViewController.xib in Resources */ = {isa = PBXBuildFile; fileRef = 33CADC491D6AB9B3005E3D8E /* SettingsViewController.xib */; };
		33D43FD91D5667A40029092C /* TextViewController.swift in Sources */ = {isa = PBXBuildFile; fileRef = 33D43FD71D5667A40029092C /* TextViewController.swift */; };
		33D43FDA1D5667A40029092C /* TextViewController.xib in Resources */ = {isa = PBXBuildFile; fileRef = 33D43FD81D5667A40029092C /* TextViewController.xib */; };
		33F22FCA1D5A56AD00B88A4C /* LocalDataStorageHelper.swift in Sources */ = {isa = PBXBuildFile; fileRef = 33F22FC91D5A56AD00B88A4C /* LocalDataStorageHelper.swift */; };
		CDE03E9D048A8F28CED11873 /* Pods_Airnotes.framework in Frameworks */ = {isa = PBXBuildFile; fileRef = DACC036EECF51804CC901980 /* Pods_Airnotes.framework */; };
/* End PBXBuildFile section */

/* Begin PBXFileReference section */
		334A41C21D56CC750087F41D /* Data.swift */ = {isa = PBXFileReference; fileEncoding = 4; lastKnownFileType = sourcecode.swift; path = Data.swift; sourceTree = "<group>"; };
		338935441D5BCBF000976CE2 /* CloudKit.framework */ = {isa = PBXFileReference; lastKnownFileType = wrapper.framework; name = CloudKit.framework; path = System/Library/Frameworks/CloudKit.framework; sourceTree = SDKROOT; };
		33A123681D56609500F66BCC /* Airnotes.app */ = {isa = PBXFileReference; explicitFileType = wrapper.application; includeInIndex = 0; path = Airnotes.app; sourceTree = BUILT_PRODUCTS_DIR; };
		33A1236B1D56609500F66BCC /* AppDelegate.swift */ = {isa = PBXFileReference; lastKnownFileType = sourcecode.swift; path = AppDelegate.swift; sourceTree = "<group>"; };
		33A1236D1D56609500F66BCC /* Assets.xcassets */ = {isa = PBXFileReference; lastKnownFileType = folder.assetcatalog; path = Assets.xcassets; sourceTree = "<group>"; };
		33A123701D56609500F66BCC /* Base */ = {isa = PBXFileReference; lastKnownFileType = file.xib; name = Base; path = Base.lproj/MainMenu.xib; sourceTree = "<group>"; };
		33A123721D56609500F66BCC /* Info.plist */ = {isa = PBXFileReference; lastKnownFileType = text.plist.xml; path = Info.plist; sourceTree = "<group>"; };
		33B266711D58110800B16F58 /* Airnotes.entitlements */ = {isa = PBXFileReference; lastKnownFileType = text.xml; path = Airnotes.entitlements; sourceTree = "<group>"; };
		33C9CA8C1D6C544600E35A9D /* MyManager.swift */ = {isa = PBXFileReference; fileEncoding = 4; lastKnownFileType = sourcecode.swift; path = MyManager.swift; sourceTree = "<group>"; };
		33CADC421D6AB660005E3D8E /* Settings.swift */ = {isa = PBXFileReference; fileEncoding = 4; lastKnownFileType = sourcecode.swift; path = Settings.swift; sourceTree = "<group>"; };
		33CADC471D6AB931005E3D8E /* SettingsViewController.swift */ = {isa = PBXFileReference; fileEncoding = 4; lastKnownFileType = sourcecode.swift; path = SettingsViewController.swift; sourceTree = "<group>"; };
		33CADC491D6AB9B3005E3D8E /* SettingsViewController.xib */ = {isa = PBXFileReference; fileEncoding = 4; lastKnownFileType = file.xib; path = SettingsViewController.xib; sourceTree = "<group>"; };
		33D43FD71D5667A40029092C /* TextViewController.swift */ = {isa = PBXFileReference; fileEncoding = 4; lastKnownFileType = sourcecode.swift; path = TextViewController.swift; sourceTree = "<group>"; };
		33D43FD81D5667A40029092C /* TextViewController.xib */ = {isa = PBXFileReference; fileEncoding = 4; lastKnownFileType = file.xib; path = TextViewController.xib; sourceTree = "<group>"; };
		33F22FC91D5A56AD00B88A4C /* LocalDataStorageHelper.swift */ = {isa = PBXFileReference; fileEncoding = 4; lastKnownFileType = sourcecode.swift; path = LocalDataStorageHelper.swift; sourceTree = "<group>"; };
		5E12F43975C6A1C297865205 /* Pods-Airnotes.release.xcconfig */ = {isa = PBXFileReference; includeInIndex = 1; lastKnownFileType = text.xcconfig; name = "Pods-Airnotes.release.xcconfig"; path = "Pods/Target Support Files/Pods-Airnotes/Pods-Airnotes.release.xcconfig"; sourceTree = "<group>"; };
		6BF8D15529D2D61EDED83EC3 /* Pods-Menu Bar Application.debug.xcconfig */ = {isa = PBXFileReference; includeInIndex = 1; lastKnownFileType = text.xcconfig; name = "Pods-Menu Bar Application.debug.xcconfig"; path = "Pods/Target Support Files/Pods-Menu Bar Application/Pods-Menu Bar Application.debug.xcconfig"; sourceTree = "<group>"; };
		8E86D4F846EBB135BE76B097 /* Pods-Airnotes.debug.xcconfig */ = {isa = PBXFileReference; includeInIndex = 1; lastKnownFileType = text.xcconfig; name = "Pods-Airnotes.debug.xcconfig"; path = "Pods/Target Support Files/Pods-Airnotes/Pods-Airnotes.debug.xcconfig"; sourceTree = "<group>"; };
		DACC036EECF51804CC901980 /* Pods_Airnotes.framework */ = {isa = PBXFileReference; explicitFileType = wrapper.framework; includeInIndex = 0; path = Pods_Airnotes.framework; sourceTree = BUILT_PRODUCTS_DIR; };
		F322D5E4588CE6B5E052FBAE /* Pods-Menu Bar Application.release.xcconfig */ = {isa = PBXFileReference; includeInIndex = 1; lastKnownFileType = text.xcconfig; name = "Pods-Menu Bar Application.release.xcconfig"; path = "Pods/Target Support Files/Pods-Menu Bar Application/Pods-Menu Bar Application.release.xcconfig"; sourceTree = "<group>"; };
/* End PBXFileReference section */

/* Begin PBXFrameworksBuildPhase section */
		33A123651D56609500F66BCC /* Frameworks */ = {
			isa = PBXFrameworksBuildPhase;
			buildActionMask = 2147483647;
			files = (
				338935451D5BCBF000976CE2 /* CloudKit.framework in Frameworks */,
				CDE03E9D048A8F28CED11873 /* Pods_Airnotes.framework in Frameworks */,
			);
			runOnlyForDeploymentPostprocessing = 0;
		};
/* End PBXFrameworksBuildPhase section */

/* Begin PBXGroup section */
		334A41C11D56CC5D0087F41D /* Helpers & Models */ = {
			isa = PBXGroup;
			children = (
				334A41C21D56CC750087F41D /* Data.swift */,
				33F22FC91D5A56AD00B88A4C /* LocalDataStorageHelper.swift */,
				33CADC421D6AB660005E3D8E /* Settings.swift */,
				33C9CA8C1D6C544600E35A9D /* MyManager.swift */,
			);
			name = "Helpers & Models";
			sourceTree = "<group>";
		};
		33A1235F1D56609500F66BCC = {
			isa = PBXGroup;
			children = (
				33B266711D58110800B16F58 /* Airnotes.entitlements */,
				33A1236A1D56609500F66BCC /* Menu Bar Application */,
				33A123691D56609500F66BCC /* Products */,
				D171F0CDBC4235EB93E8461C /* Pods */,
				F3E115C2DFBD674CD2CBF9B4 /* Frameworks */,
			);
			sourceTree = "<group>";
		};
		33A123691D56609500F66BCC /* Products */ = {
			isa = PBXGroup;
			children = (
				33A123681D56609500F66BCC /* Airnotes.app */,
			);
			name = Products;
			sourceTree = "<group>";
		};
		33A1236A1D56609500F66BCC /* Menu Bar Application */ = {
			isa = PBXGroup;
			children = (
				33A1236B1D56609500F66BCC /* AppDelegate.swift */,
				33A1236F1D56609500F66BCC /* MainMenu.xib */,
				334A41C11D56CC5D0087F41D /* Helpers & Models */,
				33D43FDF1D5695190029092C /* Text */,
				33CADC441D6AB8FE005E3D8E /* Settings */,
				33A1236D1D56609500F66BCC /* Assets.xcassets */,
				33A123721D56609500F66BCC /* Info.plist */,
			);
			path = "Menu Bar Application";
			sourceTree = "<group>";
		};
		33CADC441D6AB8FE005E3D8E /* Settings */ = {
			isa = PBXGroup;
			children = (
				33CADC471D6AB931005E3D8E /* SettingsViewController.swift */,
				33CADC491D6AB9B3005E3D8E /* SettingsViewController.xib */,
			);
			name = Settings;
			sourceTree = "<group>";
		};
		33D43FDF1D5695190029092C /* Text */ = {
			isa = PBXGroup;
			children = (
				33D43FD71D5667A40029092C /* TextViewController.swift */,
				33D43FD81D5667A40029092C /* TextViewController.xib */,
			);
			name = Text;
			sourceTree = "<group>";
		};
		D171F0CDBC4235EB93E8461C /* Pods */ = {
			isa = PBXGroup;
			children = (
				6BF8D15529D2D61EDED83EC3 /* Pods-Menu Bar Application.debug.xcconfig */,
				F322D5E4588CE6B5E052FBAE /* Pods-Menu Bar Application.release.xcconfig */,
				8E86D4F846EBB135BE76B097 /* Pods-Airnotes.debug.xcconfig */,
				5E12F43975C6A1C297865205 /* Pods-Airnotes.release.xcconfig */,
			);
			name = Pods;
			sourceTree = "<group>";
		};
		F3E115C2DFBD674CD2CBF9B4 /* Frameworks */ = {
			isa = PBXGroup;
			children = (
				338935441D5BCBF000976CE2 /* CloudKit.framework */,
				DACC036EECF51804CC901980 /* Pods_Airnotes.framework */,
			);
			name = Frameworks;
			sourceTree = "<group>";
		};
/* End PBXGroup section */

/* Begin PBXNativeTarget section */
		33A123671D56609500F66BCC /* Airnotes */ = {
			isa = PBXNativeTarget;
			buildConfigurationList = 33A123751D56609500F66BCC /* Build configuration list for PBXNativeTarget "Airnotes" */;
			buildPhases = (
				186ACA09BA35859C33C7B35E /* [CP] Check Pods Manifest.lock */,
				33A123641D56609500F66BCC /* Sources */,
				33A123651D56609500F66BCC /* Frameworks */,
				33A123661D56609500F66BCC /* Resources */,
				51217E5FDF61DF28145DF47D /* [CP] Embed Pods Frameworks */,
				F14AC6C1B35BCE4302084B6C /* [CP] Copy Pods Resources */,
			);
			buildRules = (
			);
			dependencies = (
			);
			name = Airnotes;
			productName = "Menu Bar Application";
			productReference = 33A123681D56609500F66BCC /* Airnotes.app */;
			productType = "com.apple.product-type.application";
		};
/* End PBXNativeTarget section */

/* Begin PBXProject section */
		33A123601D56609500F66BCC /* Project object */ = {
			isa = PBXProject;
			attributes = {
				LastSwiftUpdateCheck = 0730;
				LastUpgradeCheck = 0730;
				ORGANIZATIONNAME = "Philipp Eibl";
				TargetAttributes = {
					33A123671D56609500F66BCC = {
						CreatedOnToolsVersion = 7.3.1;
						DevelopmentTeam = LM2ZWJRF67;
						SystemCapabilities = {
							com.apple.Sandbox = {
								enabled = 1;
							};
							com.apple.iCloud = {
								enabled = 1;
							};
						};
					};
				};
			};
			buildConfigurationList = 33A123631D56609500F66BCC /* Build configuration list for PBXProject "Airnotes" */;
			compatibilityVersion = "Xcode 3.2";
			developmentRegion = English;
			hasScannedForEncodings = 0;
			knownRegions = (
				en,
				Base,
			);
			mainGroup = 33A1235F1D56609500F66BCC;
			productRefGroup = 33A123691D56609500F66BCC /* Products */;
			projectDirPath = "";
			projectRoot = "";
			targets = (
				33A123671D56609500F66BCC /* Airnotes */,
			);
		};
/* End PBXProject section */

/* Begin PBXResourcesBuildPhase section */
		33A123661D56609500F66BCC /* Resources */ = {
			isa = PBXResourcesBuildPhase;
			buildActionMask = 2147483647;
			files = (
				33D43FDA1D5667A40029092C /* TextViewController.xib in Resources */,
				33A1236E1D56609500F66BCC /* Assets.xcassets in Resources */,
				33A123711D56609500F66BCC /* MainMenu.xib in Resources */,
				33CADC4A1D6AB9B3005E3D8E /* SettingsViewController.xib in Resources */,
			);
			runOnlyForDeploymentPostprocessing = 0;
		};
/* End PBXResourcesBuildPhase section */

/* Begin PBXShellScriptBuildPhase section */
		186ACA09BA35859C33C7B35E /* [CP] Check Pods Manifest.lock */ = {
			isa = PBXShellScriptBuildPhase;
			buildActionMask = 2147483647;
			files = (
			);
			inputPaths = (
			);
			name = "[CP] Check Pods Manifest.lock";
			outputPaths = (
			);
			runOnlyForDeploymentPostprocessing = 0;
			shellPath = /bin/sh;
			shellScript = "diff \"${PODS_ROOT}/../Podfile.lock\" \"${PODS_ROOT}/Manifest.lock\" > /dev/null\nif [[ $? != 0 ]] ; then\n    cat << EOM\nerror: The sandbox is not in sync with the Podfile.lock. Run 'pod install' or update your CocoaPods installation.\nEOM\n    exit 1\nfi\n";
			showEnvVarsInLog = 0;
		};
		51217E5FDF61DF28145DF47D /* [CP] Embed Pods Frameworks */ = {
			isa = PBXShellScriptBuildPhase;
			buildActionMask = 2147483647;
			files = (
			);
			inputPaths = (
			);
			name = "[CP] Embed Pods Frameworks";
			outputPaths = (
			);
			runOnlyForDeploymentPostprocessing = 0;
			shellPath = /bin/sh;
			shellScript = "\"${SRCROOT}/Pods/Target Support Files/Pods-Airnotes/Pods-Airnotes-frameworks.sh\"\n";
			showEnvVarsInLog = 0;
		};
		F14AC6C1B35BCE4302084B6C /* [CP] Copy Pods Resources */ = {
			isa = PBXShellScriptBuildPhase;
			buildActionMask = 2147483647;
			files = (
			);
			inputPaths = (
			);
			name = "[CP] Copy Pods Resources";
			outputPaths = (
			);
			runOnlyForDeploymentPostprocessing = 0;
			shellPath = /bin/sh;
			shellScript = "\"${SRCROOT}/Pods/Target Support Files/Pods-Airnotes/Pods-Airnotes-resources.sh\"\n";
			showEnvVarsInLog = 0;
		};
/* End PBXShellScriptBuildPhase section */

/* Begin PBXSourcesBuildPhase section */
		33A123641D56609500F66BCC /* Sources */ = {
			isa = PBXSourcesBuildPhase;
			buildActionMask = 2147483647;
			files = (
				33CADC431D6AB660005E3D8E /* Settings.swift in Sources */,
				33F22FCA1D5A56AD00B88A4C /* LocalDataStorageHelper.swift in Sources */,
				33A1236C1D56609500F66BCC /* AppDelegate.swift in Sources */,
				33D43FD91D5667A40029092C /* TextViewController.swift in Sources */,
				334A41C31D56CC750087F41D /* Data.swift in Sources */,
				33C9CA8D1D6C544600E35A9D /* MyManager.swift in Sources */,
				33CADC481D6AB931005E3D8E /* SettingsViewController.swift in Sources */,
			);
			runOnlyForDeploymentPostprocessing = 0;
		};
/* End PBXSourcesBuildPhase section */

/* Begin PBXVariantGroup section */
		33A1236F1D56609500F66BCC /* MainMenu.xib */ = {
			isa = PBXVariantGroup;
			children = (
				33A123701D56609500F66BCC /* Base */,
			);
			name = MainMenu.xib;
			sourceTree = "<group>";
		};
/* End PBXVariantGroup section */

/* Begin XCBuildConfiguration section */
		33A123731D56609500F66BCC /* Debug */ = {
			isa = XCBuildConfiguration;
			buildSettings = {
				ALWAYS_SEARCH_USER_PATHS = NO;
				CLANG_ANALYZER_NONNULL = YES;
				CLANG_CXX_LANGUAGE_STANDARD = "gnu++0x";
				CLANG_CXX_LIBRARY = "libc++";
				CLANG_ENABLE_MODULES = YES;
				CLANG_ENABLE_OBJC_ARC = YES;
				CLANG_WARN_BOOL_CONVERSION = YES;
				CLANG_WARN_CONSTANT_CONVERSION = YES;
				CLANG_WARN_DIRECT_OBJC_ISA_USAGE = YES_ERROR;
				CLANG_WARN_EMPTY_BODY = YES;
				CLANG_WARN_ENUM_CONVERSION = YES;
				CLANG_WARN_INT_CONVERSION = YES;
				CLANG_WARN_OBJC_ROOT_CLASS = YES_ERROR;
				CLANG_WARN_UNREACHABLE_CODE = YES;
				CLANG_WARN__DUPLICATE_METHOD_MATCH = YES;
				CODE_SIGN_IDENTITY = "-";
				COPY_PHASE_STRIP = NO;
				DEBUG_INFORMATION_FORMAT = dwarf;
				ENABLE_STRICT_OBJC_MSGSEND = YES;
				ENABLE_TESTABILITY = YES;
				GCC_C_LANGUAGE_STANDARD = gnu99;
				GCC_DYNAMIC_NO_PIC = NO;
				GCC_NO_COMMON_BLOCKS = YES;
				GCC_OPTIMIZATION_LEVEL = 0;
				GCC_PREPROCESSOR_DEFINITIONS = (
					"DEBUG=1",
					"$(inherited)",
				);
				GCC_WARN_64_TO_32_BIT_CONVERSION = YES;
				GCC_WARN_ABOUT_RETURN_TYPE = YES_ERROR;
				GCC_WARN_UNDECLARED_SELECTOR = YES;
				GCC_WARN_UNINITIALIZED_AUTOS = YES_AGGRESSIVE;
				GCC_WARN_UNUSED_FUNCTION = YES;
				GCC_WARN_UNUSED_VARIABLE = YES;
				MACOSX_DEPLOYMENT_TARGET = 10.11;
				MTL_ENABLE_DEBUG_INFO = YES;
				ONLY_ACTIVE_ARCH = YES;
				SDKROOT = macosx;
				SWIFT_OPTIMIZATION_LEVEL = "-Onone";
			};
			name = Debug;
		};
		33A123741D56609500F66BCC /* Release */ = {
			isa = XCBuildConfiguration;
			buildSettings = {
				ALWAYS_SEARCH_USER_PATHS = NO;
				CLANG_ANALYZER_NONNULL = YES;
				CLANG_CXX_LANGUAGE_STANDARD = "gnu++0x";
				CLANG_CXX_LIBRARY = "libc++";
				CLANG_ENABLE_MODULES = YES;
				CLANG_ENABLE_OBJC_ARC = YES;
				CLANG_WARN_BOOL_CONVERSION = YES;
				CLANG_WARN_CONSTANT_CONVERSION = YES;
				CLANG_WARN_DIRECT_OBJC_ISA_USAGE = YES_ERROR;
				CLANG_WARN_EMPTY_BODY = YES;
				CLANG_WARN_ENUM_CONVERSION = YES;
				CLANG_WARN_INT_CONVERSION = YES;
				CLANG_WARN_OBJC_ROOT_CLASS = YES_ERROR;
				CLANG_WARN_UNREACHABLE_CODE = YES;
				CLANG_WARN__DUPLICATE_METHOD_MATCH = YES;
				CODE_SIGN_IDENTITY = "-";
				COPY_PHASE_STRIP = NO;
				DEBUG_INFORMATION_FORMAT = "dwarf-with-dsym";
				ENABLE_NS_ASSERTIONS = NO;
				ENABLE_STRICT_OBJC_MSGSEND = YES;
				GCC_C_LANGUAGE_STANDARD = gnu99;
				GCC_NO_COMMON_BLOCKS = YES;
				GCC_WARN_64_TO_32_BIT_CONVERSION = YES;
				GCC_WARN_ABOUT_RETURN_TYPE = YES_ERROR;
				GCC_WARN_UNDECLARED_SELECTOR = YES;
				GCC_WARN_UNINITIALIZED_AUTOS = YES_AGGRESSIVE;
				GCC_WARN_UNUSED_FUNCTION = YES;
				GCC_WARN_UNUSED_VARIABLE = YES;
				MACOSX_DEPLOYMENT_TARGET = 10.11;
				MTL_ENABLE_DEBUG_INFO = NO;
				SDKROOT = macosx;
			};
			name = Release;
		};
		33A123761D56609500F66BCC /* Debug */ = {
			isa = XCBuildConfiguration;
			baseConfigurationReference = 8E86D4F846EBB135BE76B097 /* Pods-Airnotes.debug.xcconfig */;
			buildSettings = {
				ASSETCATALOG_COMPILER_APPICON_NAME = AppIcon;
				CODE_SIGN_ENTITLEMENTS = Airnotes.entitlements;
				CODE_SIGN_IDENTITY = "Mac Developer";
				COMBINE_HIDPI_IMAGES = YES;
				INFOPLIST_FILE = "Menu Bar Application/Info.plist";
				LD_RUNPATH_SEARCH_PATHS = "$(inherited) @executable_path/../Frameworks";
				PRODUCT_BUNDLE_IDENTIFIER = com.PhilippEibl.airnotes;
				PRODUCT_NAME = Airnotes;
				PROVISIONING_PROFILE = "";
			};
			name = Debug;
		};
		33A123771D56609500F66BCC /* Release */ = {
			isa = XCBuildConfiguration;
			baseConfigurationReference = 5E12F43975C6A1C297865205 /* Pods-Airnotes.release.xcconfig */;
			buildSettings = {
				ASSETCATALOG_COMPILER_APPICON_NAME = AppIcon;
				CODE_SIGN_ENTITLEMENTS = Airnotes.entitlements;
				CODE_SIGN_IDENTITY = "Mac Developer";
				COMBINE_HIDPI_IMAGES = YES;
				INFOPLIST_FILE = "Menu Bar Application/Info.plist";
				LD_RUNPATH_SEARCH_PATHS = "$(inherited) @executable_path/../Frameworks";
				PRODUCT_BUNDLE_IDENTIFIER = com.PhilippEibl.airnotes;
				PRODUCT_NAME = Airnotes;
				PROVISIONING_PROFILE = "";
			};
			name = Release;
		};
/* End XCBuildConfiguration section */

/* Begin XCConfigurationList section */
		33A123631D56609500F66BCC /* Build configuration list for PBXProject "Airnotes" */ = {
			isa = XCConfigurationList;
			buildConfigurations = (
				33A123731D56609500F66BCC /* Debug */,
				33A123741D56609500F66BCC /* Release */,
			);
			defaultConfigurationIsVisible = 0;
			defaultConfigurationName = Release;
		};
		33A123751D56609500F66BCC /* Build configuration list for PBXNativeTarget "Airnotes" */ = {
			isa = XCConfigurationList;
			buildConfigurations = (
				33A123761D56609500F66BCC /* Debug */,
				33A123771D56609500F66BCC /* Release */,
			);
			defaultConfigurationIsVisible = 0;
			defaultConfigurationName = Release;
		};
/* End XCConfigurationList section */
	};
	rootObject = 33A123601D56609500F66BCC /* Project object */;
}
